
Microsoft Visual Studio Solution File, Format Version 12.00
# Visual Studio Version 16
VisualStudioVersion = 16.0.33214.272
MinimumVisualStudioVersion = 10.0.40219.1
Project("{FAE04EC0-301F-11D3-BF4B-00C04F79EFBC}") = "RoutedEvents", "RoutedEvents.csproj", "{2785B734-9FA6-4B26-988B-AA3700082A49}"
EndProject
Global
	GlobalSection(SolutionConfigurationPlatforms) = preSolution
		Debug|Any CPU = Debug|Any CPU
		Release|Any CPU = Release|Any CPU
	EndGlobalSection
	GlobalSection(ProjectConfigurationPlatforms) = postSolution
		{2785B734-9FA6-4B26-988B-AA3700082A49}.Debug|Any CPU.ActiveCfg = Debug|Any CPU
		{2785B734-9FA6-4B26-988B-AA3700082A49}.Debug|Any CPU.Build.0 = Debug|Any CPU
		{2785B734-9FA6-4B26-988B-AA3700082A49}.Release|Any CPU.ActiveCfg = Release|Any CPU
		{2785B734-9FA6-4B26-988B-AA3700082A49}.Release|Any CPU.Build.0 = Release|Any CPU
	EndGlobalSection
	GlobalSection(SolutionProperties) = preSolution
		HideSolutionNode = FALSE
	EndGlobalSection
	GlobalSection(ExtensibilityGlobals) = postSolution
		SolutionGuid = {168B1CEC-E26E-43DB-A376-C2CD2C53F2F8}
	EndGlobalSection
EndGlobal
