
Microsoft Visual Studio Solution File, Format Version 10.00
# Visual Studio 2008
Project("{8BC9CEB8-8B4A-11D0-8D11-00A0C91BC942}") = "ERROR", "cap02\ERROR\ERROR.vcproj", "{E931C592-9592-482B-84D7-2C14D1BBD29B}"
EndProject
Project("{2150E333-8FDC-42A3-9474-1A3956D46DE8}") = "C02_feel_for_threads", "C02_feel_for_threads", "{9C4CECDE-8F37-4D92-AB24-C105B8F48950}"
EndProject
Project("{8BC9CEB8-8B4A-11D0-8D11-00A0C91BC942}") = "EXITCODE", "cap02\EXITCODE\EXITCODE.vcproj", "{5390BFED-7A79-4CA8-BF3B-54C815727E13}"
EndProject
Project("{8BC9CEB8-8B4A-11D0-8D11-00A0C91BC942}") = "EXITTHRD", "cap02\EXITTHRD\EXITTHRD.vcproj", "{C020327C-C1DE-4E3D-A6E0-19B64B9F8807}"
EndProject
Project("{8BC9CEB8-8B4A-11D0-8D11-00A0C91BC942}") = "NUMBERS", "cap02\NUMBERS\NUMBERS.vcproj", "{4FD58223-C88B-45DE-8269-F00ED494EEFB}"
EndProject
Project("{8BC9CEB8-8B4A-11D0-8D11-00A0C91BC942}") = "NUMBERS-2", "cap02\NUMBERS-2\NUMBERS-2.vcproj", "{E24F1923-9DD1-456A-8917-13E1EBAED941}"
EndProject
Project("{2150E333-8FDC-42A3-9474-1A3956D46DE8}") = "C03_busy_loop", "C03_busy_loop", "{73BA48EC-2E7B-4C8C-A161-C55983642D9C}"
EndProject
Project("{8BC9CEB8-8B4A-11D0-8D11-00A0C91BC942}") = "BUSYWAIT", "cap03\BUSYWAIT\BUSYWAIT.vcproj", "{DB7B5ABF-C8F7-42A0-8849-5535B300F128}"
EndProject
Project("{8BC9CEB8-8B4A-11D0-8D11-00A0C91BC942}") = "TASKQUEM", "cap03\TASKQUEM\TASKQUEM.vcproj", "{EA4A34C3-040C-4715-AD99-C1E5FE67E123}"
EndProject
Project("{8BC9CEB8-8B4A-11D0-8D11-00A0C91BC942}") = "TASKQUES", "cap03\TASKQUES\TASKQUES.vcproj", "{890DEB1B-2CD6-4662-AB93-D0639859ECB8}"
EndProject
Project("{2150E333-8FDC-42A3-9474-1A3956D46DE8}") = "C04_synchronization", "C04_synchronization", "{541C8BB8-742C-48DE-8362-FE3A038DCD83}"
EndProject
Project("{8BC9CEB8-8B4A-11D0-8D11-00A0C91BC942}") = "CRITSEC", "cap04\CRITSEC\CRITSEC.vcproj", "{0DA542EE-6D5E-4CA9-9F4C-49CE43B76DE1}"
EndProject
Project("{8BC9CEB8-8B4A-11D0-8D11-00A0C91BC942}") = "DEADLOCK", "cap04\DEADLOCK\DEADLOCK.vcproj", "{64313ECB-A30C-4451-9826-0CC84AF6B278}"
EndProject
Project("{8BC9CEB8-8B4A-11D0-8D11-00A0C91BC942}") = "DINING", "cap04\DINING\DINING.vcproj", "{18975549-5C1B-442D-9992-6F0D50EDC785}"
EndProject
Project("{8BC9CEB8-8B4A-11D0-8D11-00A0C91BC942}") = "EVENTCR", "cap04\EVENTCR\EVENTCR.vcproj", "{2A06038A-82D8-4EF0-AFD5-C362C345E7A7}"
EndProject
Project("{8BC9CEB8-8B4A-11D0-8D11-00A0C91BC942}") = "EVENTOP", "cap04\EVENTOP\EVENTOP.vcproj", "{C73A463E-3CBA-4804-93A9-3F0DA4032AF4}"
EndProject
Project("{8BC9CEB8-8B4A-11D0-8D11-00A0C91BC942}") = "INTERLOCK", "cap04\INTERLOCK\INTERLOCK.vcproj", "{F161D1D7-D317-4388-B84D-BC26C0D18DEC}"
EndProject
Project("{8BC9CEB8-8B4A-11D0-8D11-00A0C91BC942}") = "MUTEXCR", "cap04\MUTEXCR\MUTEXCR.vcproj", "{44AB8541-9F5E-4299-ABCD-AE13D7DAA06D}"
EndProject
Project("{8BC9CEB8-8B4A-11D0-8D11-00A0C91BC942}") = "MUTEXOP", "cap04\MUTEXOP\MUTEXOP.vcproj", "{29D3967D-7CB6-4512-AE91-0B350E02E4B5}"
EndProject
Project("{8BC9CEB8-8B4A-11D0-8D11-00A0C91BC942}") = "SEMAPHCR", "cap04\SEMAPHCR\SEMAPHCR.vcproj", "{2B00A871-1304-41C5-9FD0-3B69E365564B}"
EndProject
Project("{8BC9CEB8-8B4A-11D0-8D11-00A0C91BC942}") = "SEMAPHOP", "cap04\SEMAPHOP\SEMAPHOP.vcproj", "{AFA27917-B233-472B-9CF4-0C99A8E11835}"
EndProject
Project("{2150E333-8FDC-42A3-9474-1A3956D46DE8}") = "C05_stopping_a_thread", "C05_stopping_a_thread", "{A141C015-790C-4E19-BFED-ABA02C9C80F5}"
EndProject
Project("{8BC9CEB8-8B4A-11D0-8D11-00A0C91BC942}") = "BUSYPRIO", "cap05\BUSYPRIO\BUSYPRIO.vcproj", "{858E2CEC-88E6-4C82-8FD4-8B432275821B}"
EndProject
Project("{8BC9CEB8-8B4A-11D0-8D11-00A0C91BC942}") = "THRDTERM", "cap05\THRDTERM\THRDTERM.vcproj", "{05EA38BA-BEEA-4143-A5AE-B0A40F8B6713}"
EndProject
Project("{2150E333-8FDC-42A3-9474-1A3956D46DE8}") = "C06_overlapped_io", "C06_overlapped_io", "{D0370341-A805-4089-9473-1A633F3F4759}"
EndProject
Project("{8BC9CEB8-8B4A-11D0-8D11-00A0C91BC942}") = "IOBYAPC", "cap06\IOBYAPC\IOBYAPC.vcproj", "{48910CBE-6084-41C9-976D-3D5A969FAF5E}"
EndProject
Project("{8BC9CEB8-8B4A-11D0-8D11-00A0C91BC942}") = "IOBYEVNT", "cap06\IOBYEVNT\IOBYEVNT.vcproj", "{CCCCF763-D9B1-4275-9860-85B34FD74572}"
EndProject
Project("{8BC9CEB8-8B4A-11D0-8D11-00A0C91BC942}") = "IOBYFILE", "cap06\IOBYFILE\IOBYFILE.vcproj", "{B86E7193-8322-4AB7-8CCE-A0A020613A93}"
EndProject
Project("{8BC9CEB8-8B4A-11D0-8D11-00A0C91BC942}") = "CLIENT", "cap06\IOCOMPLTPORT\CLIENT\CLIENT.vcproj", "{C7460980-EDC6-4D2E-B413-DFA1EC5D1A24}"
EndProject
Project("{8BC9CEB8-8B4A-11D0-8D11-00A0C91BC942}") = "SERVER", "cap06\IOCOMPLTPORT\SERVER\SERVER.vcproj", "{2E7C1C85-4BA5-4B8A-AA0F-64CB805FD062}"
EndProject
Project("{2150E333-8FDC-42A3-9474-1A3956D46DE8}") = "C07_readers_writers_lock", "C07_readers_writers_lock", "{919FB184-75F2-4480-A564-60DB1099C7B0}"
EndProject
Project("{8BC9CEB8-8B4A-11D0-8D11-00A0C91BC942}") = "READWRIT", "cap07\READWRIT\READWRIT.vcproj", "{BF280DAB-F7F8-40A8-9D93-4EA2A09C1129}"
EndProject
Project("{8BC9CEB8-8B4A-11D0-8D11-00A0C91BC942}") = "RWLOCK", "cap07\RWLOCK\RWLOCK.vcproj", "{1C6252D1-6B86-4959-8C33-36AA562243AE}"
EndProject
Project("{2150E333-8FDC-42A3-9474-1A3956D46DE8}") = "C08_C_Run_time", "C08_C_Run_time", "{F126C9EC-9316-49FB-9F24-4DAE191F5E8D}"
EndProject
Project("{8BC9CEB8-8B4A-11D0-8D11-00A0C91BC942}") = "BANNER", "cap08\BANNER\BANNER.vcproj", "{2E761FE7-68D2-42D9-B610-FDFA9F7AEBB1}"
EndProject
Project("{8BC9CEB8-8B4A-11D0-8D11-00A0C91BC942}") = "BEGTHEX", "cap08\BEGTHEX\BEGTHEX.vcproj", "{40203019-7459-4B44-BB7D-1DE41C897765}"
EndProject
Project("{8BC9CEB8-8B4A-11D0-8D11-00A0C91BC942}") = "SRCHCRT", "cap08\SRCHCRT\SRCHCRT.vcproj", "{2B6440C5-808D-4CFE-9BD7-BCD93AED0F10}"
EndProject
Project("{8BC9CEB8-8B4A-11D0-8D11-00A0C91BC942}") = "SRCHWIN", "cap08\SRCHWIN\SRCHWIN.vcproj", "{F6303EE2-4A72-480A-8440-C609C60EFED8}"
EndProject
Project("{2150E333-8FDC-42A3-9474-1A3956D46DE8}") = "C09_CPP", "C09_CPP", "{3877F276-9A37-4635-9A6F-09E01D1E3AAD}"
EndProject
Project("{8BC9CEB8-8B4A-11D0-8D11-00A0C91BC942}") = "BADCLASS", "cap09\BADCLASS\BADCLASS.vcproj", "{D247271E-7411-4657-AF5D-290CEC2CE908}"
EndProject
Project("{8BC9CEB8-8B4A-11D0-8D11-00A0C91BC942}") = "CPPSKEL", "cap09\CPPSKEL\CPPSKEL.vcproj", "{DC0078E1-2010-4DF9-99DD-32521977383F}"
EndProject
Project("{8BC9CEB8-8B4A-11D0-8D11-00A0C91BC942}") = "CSCPP", "cap09\CSCPP\CSCPP.vcproj", "{8B50E92A-EB18-46B8-AC7A-650354F81456}"
EndProject
Project("{8BC9CEB8-8B4A-11D0-8D11-00A0C91BC942}") = "MEMBER", "cap09\MEMBER\MEMBER.vcproj", "{8B052EDA-F60D-4213-A55F-C94FB5B52D44}"
EndProject
Project("{2150E333-8FDC-42A3-9474-1A3956D46DE8}") = "C10_MFC", "C10_MFC", "{13727699-8BF7-4CBF-A1B8-38C53FA57DED}"
EndProject
Project("{8BC9CEB8-8B4A-11D0-8D11-00A0C91BC942}") = "AFXBEGTH", "cap10\AFXBEGTH\AFXBEGTH.vcproj", "{D0A512DC-53EE-4786-A576-77F7F9EF704C}"
EndProject
Project("{8BC9CEB8-8B4A-11D0-8D11-00A0C91BC942}") = "AFXBEGTH2", "cap10\AFXBEGTH2\AFXBEGTH2.vcproj", "{F2C2A7DE-4604-4953-A911-9BACC23C4973}"
EndProject
Project("{8BC9CEB8-8B4A-11D0-8D11-00A0C91BC942}") = "USERTH", "cap10\USERTH\USERTH.vcproj", "{7D3217DB-9551-441C-AB7B-60351B8F773A}"
EndProject
Project("{2150E333-8FDC-42A3-9474-1A3956D46DE8}") = "C13_shared_mem", "C13_shared_mem", "{5A69B8EB-4F8A-4BD3-AAB7-DBB2B554B5C8}"
EndProject
Project("{8BC9CEB8-8B4A-11D0-8D11-00A0C91BC942}") = "COPYRECV", "cap13\COPYRECV\COPYRECV.vcproj", "{B740BFEE-30C9-41D0-93D4-11AE796AE5FB}"
EndProject
Project("{8BC9CEB8-8B4A-11D0-8D11-00A0C91BC942}") = "COPYSEND", "cap13\COPYSEND\COPYSEND.vcproj", "{A89F2DA8-1C01-436B-8E5D-99045DE57E44}"
EndProject
Project("{8BC9CEB8-8B4A-11D0-8D11-00A0C91BC942}") = "FILEMAPPING", "cap13\FILEMAPPING\FILEMAPPING.vcproj", "{BAF0A65C-BEDA-4102-A5E1-67B528BC81B6}"
EndProject
Project("{8BC9CEB8-8B4A-11D0-8D11-00A0C91BC942}") = "SHAREMEM", "cap13\SHAREMEM\SHAREMEM.vcproj", "{E662226E-F3CD-4D87-8B84-DF5BA2923C7A}"
EndProject
Project("{2150E333-8FDC-42A3-9474-1A3956D46DE8}") = "C14_DLLs_and_TLS", "C14_DLLs_and_TLS", "{E5082A64-325B-4758-A708-8A96AC676187}"
EndProject
Project("{8BC9CEB8-8B4A-11D0-8D11-00A0C91BC942}") = "MAIN2", "cap14\MAIN2\MAIN2.vcproj", "{CB19FC9F-0E0C-4277-8433-10A166DD4C03}"
EndProject
Project("{8BC9CEB8-8B4A-11D0-8D11-00A0C91BC942}") = "MAIN3", "cap14\MAIN3\MAIN3.vcproj", "{CA1F7A4A-FC78-4ADE-9F21-03C7866E1011}"
EndProject
Project("{8BC9CEB8-8B4A-11D0-8D11-00A0C91BC942}") = "SMALLAPP", "cap14\SMALLAPP\SMALLAPP.vcproj", "{A51EAEA2-EE34-4AF5-B05E-55B0511F4EE1}"
EndProject
Project("{8BC9CEB8-8B4A-11D0-8D11-00A0C91BC942}") = "TLSAPP", "cap14\TLSAPP\TLSAPP.vcproj", "{A5169743-C168-406C-ACE6-457903496979}"
EndProject
Project("{8BC9CEB8-8B4A-11D0-8D11-00A0C91BC942}") = "SMALLDLL", "cap14\SMALLDLL\SMALLDLL.vcproj", "{4BE0822A-7A2B-4912-9014-F8CA30CE174F}"
EndProject
Project("{8BC9CEB8-8B4A-11D0-8D11-00A0C91BC942}") = "TLSDLL", "cap14\TLSDLL\TLSDLL.vcproj", "{76BF995A-407A-4300-AF11-49B49022CB54}"
EndProject
Project("{8BC9CEB8-8B4A-11D0-8D11-00A0C91BC942}") = "WORKER", "cap14\WORKER\WORKER.vcproj", "{D2F9000F-BF40-4C32-ACD5-8192F1689C5A}"
EndProject
Global
	GlobalSection(SolutionConfigurationPlatforms) = preSolution
		Debug|Win32 = Debug|Win32
		Release|Win32 = Release|Win32
	EndGlobalSection
	GlobalSection(ProjectConfigurationPlatforms) = postSolution
		{E931C592-9592-482B-84D7-2C14D1BBD29B}.Debug|Win32.ActiveCfg = Debug|Win32
		{E931C592-9592-482B-84D7-2C14D1BBD29B}.Debug|Win32.Build.0 = Debug|Win32
		{E931C592-9592-482B-84D7-2C14D1BBD29B}.Release|Win32.ActiveCfg = Release|Win32
		{E931C592-9592-482B-84D7-2C14D1BBD29B}.Release|Win32.Build.0 = Release|Win32
		{5390BFED-7A79-4CA8-BF3B-54C815727E13}.Debug|Win32.ActiveCfg = Debug|Win32
		{5390BFED-7A79-4CA8-BF3B-54C815727E13}.Debug|Win32.Build.0 = Debug|Win32
		{5390BFED-7A79-4CA8-BF3B-54C815727E13}.Release|Win32.ActiveCfg = Release|Win32
		{5390BFED-7A79-4CA8-BF3B-54C815727E13}.Release|Win32.Build.0 = Release|Win32
		{C020327C-C1DE-4E3D-A6E0-19B64B9F8807}.Debug|Win32.ActiveCfg = Debug|Win32
		{C020327C-C1DE-4E3D-A6E0-19B64B9F8807}.Debug|Win32.Build.0 = Debug|Win32
		{C020327C-C1DE-4E3D-A6E0-19B64B9F8807}.Release|Win32.ActiveCfg = Release|Win32
		{C020327C-C1DE-4E3D-A6E0-19B64B9F8807}.Release|Win32.Build.0 = Release|Win32
		{4FD58223-C88B-45DE-8269-F00ED494EEFB}.Debug|Win32.ActiveCfg = Debug|Win32
		{4FD58223-C88B-45DE-8269-F00ED494EEFB}.Debug|Win32.Build.0 = Debug|Win32
		{4FD58223-C88B-45DE-8269-F00ED494EEFB}.Release|Win32.ActiveCfg = Release|Win32
		{4FD58223-C88B-45DE-8269-F00ED494EEFB}.Release|Win32.Build.0 = Release|Win32
		{E24F1923-9DD1-456A-8917-13E1EBAED941}.Debug|Win32.ActiveCfg = Debug|Win32
		{E24F1923-9DD1-456A-8917-13E1EBAED941}.Debug|Win32.Build.0 = Debug|Win32
		{E24F1923-9DD1-456A-8917-13E1EBAED941}.Release|Win32.ActiveCfg = Release|Win32
		{E24F1923-9DD1-456A-8917-13E1EBAED941}.Release|Win32.Build.0 = Release|Win32
		{DB7B5ABF-C8F7-42A0-8849-5535B300F128}.Debug|Win32.ActiveCfg = Debug|Win32
		{DB7B5ABF-C8F7-42A0-8849-5535B300F128}.Debug|Win32.Build.0 = Debug|Win32
		{DB7B5ABF-C8F7-42A0-8849-5535B300F128}.Release|Win32.ActiveCfg = Release|Win32
		{DB7B5ABF-C8F7-42A0-8849-5535B300F128}.Release|Win32.Build.0 = Release|Win32
		{EA4A34C3-040C-4715-AD99-C1E5FE67E123}.Debug|Win32.ActiveCfg = Debug|Win32
		{EA4A34C3-040C-4715-AD99-C1E5FE67E123}.Debug|Win32.Build.0 = Debug|Win32
		{EA4A34C3-040C-4715-AD99-C1E5FE67E123}.Release|Win32.ActiveCfg = Release|Win32
		{EA4A34C3-040C-4715-AD99-C1E5FE67E123}.Release|Win32.Build.0 = Release|Win32
		{890DEB1B-2CD6-4662-AB93-D0639859ECB8}.Debug|Win32.ActiveCfg = Debug|Win32
		{890DEB1B-2CD6-4662-AB93-D0639859ECB8}.Debug|Win32.Build.0 = Debug|Win32
		{890DEB1B-2CD6-4662-AB93-D0639859ECB8}.Release|Win32.ActiveCfg = Release|Win32
		{890DEB1B-2CD6-4662-AB93-D0639859ECB8}.Release|Win32.Build.0 = Release|Win32
		{0DA542EE-6D5E-4CA9-9F4C-49CE43B76DE1}.Debug|Win32.ActiveCfg = Debug|Win32
		{0DA542EE-6D5E-4CA9-9F4C-49CE43B76DE1}.Debug|Win32.Build.0 = Debug|Win32
		{0DA542EE-6D5E-4CA9-9F4C-49CE43B76DE1}.Release|Win32.ActiveCfg = Release|Win32
		{0DA542EE-6D5E-4CA9-9F4C-49CE43B76DE1}.Release|Win32.Build.0 = Release|Win32
		{64313ECB-A30C-4451-9826-0CC84AF6B278}.Debug|Win32.ActiveCfg = Debug|Win32
		{64313ECB-A30C-4451-9826-0CC84AF6B278}.Debug|Win32.Build.0 = Debug|Win32
		{64313ECB-A30C-4451-9826-0CC84AF6B278}.Release|Win32.ActiveCfg = Release|Win32
		{64313ECB-A30C-4451-9826-0CC84AF6B278}.Release|Win32.Build.0 = Release|Win32
		{18975549-5C1B-442D-9992-6F0D50EDC785}.Debug|Win32.ActiveCfg = Debug|Win32
		{18975549-5C1B-442D-9992-6F0D50EDC785}.Debug|Win32.Build.0 = Debug|Win32
		{18975549-5C1B-442D-9992-6F0D50EDC785}.Release|Win32.ActiveCfg = Release|Win32
		{18975549-5C1B-442D-9992-6F0D50EDC785}.Release|Win32.Build.0 = Release|Win32
		{2A06038A-82D8-4EF0-AFD5-C362C345E7A7}.Debug|Win32.ActiveCfg = Debug|Win32
		{2A06038A-82D8-4EF0-AFD5-C362C345E7A7}.Debug|Win32.Build.0 = Debug|Win32
		{2A06038A-82D8-4EF0-AFD5-C362C345E7A7}.Release|Win32.ActiveCfg = Release|Win32
		{2A06038A-82D8-4EF0-AFD5-C362C345E7A7}.Release|Win32.Build.0 = Release|Win32
		{C73A463E-3CBA-4804-93A9-3F0DA4032AF4}.Debug|Win32.ActiveCfg = Debug|Win32
		{C73A463E-3CBA-4804-93A9-3F0DA4032AF4}.Debug|Win32.Build.0 = Debug|Win32
		{C73A463E-3CBA-4804-93A9-3F0DA4032AF4}.Release|Win32.ActiveCfg = Release|Win32
		{C73A463E-3CBA-4804-93A9-3F0DA4032AF4}.Release|Win32.Build.0 = Release|Win32
		{F161D1D7-D317-4388-B84D-BC26C0D18DEC}.Debug|Win32.ActiveCfg = Debug|Win32
		{F161D1D7-D317-4388-B84D-BC26C0D18DEC}.Debug|Win32.Build.0 = Debug|Win32
		{F161D1D7-D317-4388-B84D-BC26C0D18DEC}.Release|Win32.ActiveCfg = Release|Win32
		{F161D1D7-D317-4388-B84D-BC26C0D18DEC}.Release|Win32.Build.0 = Release|Win32
		{44AB8541-9F5E-4299-ABCD-AE13D7DAA06D}.Debug|Win32.ActiveCfg = Debug|Win32
		{44AB8541-9F5E-4299-ABCD-AE13D7DAA06D}.Debug|Win32.Build.0 = Debug|Win32
		{44AB8541-9F5E-4299-ABCD-AE13D7DAA06D}.Release|Win32.ActiveCfg = Release|Win32
		{44AB8541-9F5E-4299-ABCD-AE13D7DAA06D}.Release|Win32.Build.0 = Release|Win32
		{29D3967D-7CB6-4512-AE91-0B350E02E4B5}.Debug|Win32.ActiveCfg = Debug|Win32
		{29D3967D-7CB6-4512-AE91-0B350E02E4B5}.Debug|Win32.Build.0 = Debug|Win32
		{29D3967D-7CB6-4512-AE91-0B350E02E4B5}.Release|Win32.ActiveCfg = Release|Win32
		{29D3967D-7CB6-4512-AE91-0B350E02E4B5}.Release|Win32.Build.0 = Release|Win32
		{2B00A871-1304-41C5-9FD0-3B69E365564B}.Debug|Win32.ActiveCfg = Debug|Win32
		{2B00A871-1304-41C5-9FD0-3B69E365564B}.Debug|Win32.Build.0 = Debug|Win32
		{2B00A871-1304-41C5-9FD0-3B69E365564B}.Release|Win32.ActiveCfg = Release|Win32
		{2B00A871-1304-41C5-9FD0-3B69E365564B}.Release|Win32.Build.0 = Release|Win32
		{AFA27917-B233-472B-9CF4-0C99A8E11835}.Debug|Win32.ActiveCfg = Debug|Win32
		{AFA27917-B233-472B-9CF4-0C99A8E11835}.Debug|Win32.Build.0 = Debug|Win32
		{AFA27917-B233-472B-9CF4-0C99A8E11835}.Release|Win32.ActiveCfg = Release|Win32
		{AFA27917-B233-472B-9CF4-0C99A8E11835}.Release|Win32.Build.0 = Release|Win32
		{858E2CEC-88E6-4C82-8FD4-8B432275821B}.Debug|Win32.ActiveCfg = Debug|Win32
		{858E2CEC-88E6-4C82-8FD4-8B432275821B}.Debug|Win32.Build.0 = Debug|Win32
		{858E2CEC-88E6-4C82-8FD4-8B432275821B}.Release|Win32.ActiveCfg = Release|Win32
		{858E2CEC-88E6-4C82-8FD4-8B432275821B}.Release|Win32.Build.0 = Release|Win32
		{05EA38BA-BEEA-4143-A5AE-B0A40F8B6713}.Debug|Win32.ActiveCfg = Debug|Win32
		{05EA38BA-BEEA-4143-A5AE-B0A40F8B6713}.Debug|Win32.Build.0 = Debug|Win32
		{05EA38BA-BEEA-4143-A5AE-B0A40F8B6713}.Release|Win32.ActiveCfg = Release|Win32
		{05EA38BA-BEEA-4143-A5AE-B0A40F8B6713}.Release|Win32.Build.0 = Release|Win32
		{48910CBE-6084-41C9-976D-3D5A969FAF5E}.Debug|Win32.ActiveCfg = Debug|Win32
		{48910CBE-6084-41C9-976D-3D5A969FAF5E}.Debug|Win32.Build.0 = Debug|Win32
		{48910CBE-6084-41C9-976D-3D5A969FAF5E}.Release|Win32.ActiveCfg = Release|Win32
		{48910CBE-6084-41C9-976D-3D5A969FAF5E}.Release|Win32.Build.0 = Release|Win32
		{CCCCF763-D9B1-4275-9860-85B34FD74572}.Debug|Win32.ActiveCfg = Debug|Win32
		{CCCCF763-D9B1-4275-9860-85B34FD74572}.Debug|Win32.Build.0 = Debug|Win32
		{CCCCF763-D9B1-4275-9860-85B34FD74572}.Release|Win32.ActiveCfg = Release|Win32
		{CCCCF763-D9B1-4275-9860-85B34FD74572}.Release|Win32.Build.0 = Release|Win32
		{B86E7193-8322-4AB7-8CCE-A0A020613A93}.Debug|Win32.ActiveCfg = Debug|Win32
		{B86E7193-8322-4AB7-8CCE-A0A020613A93}.Debug|Win32.Build.0 = Debug|Win32
		{B86E7193-8322-4AB7-8CCE-A0A020613A93}.Release|Win32.ActiveCfg = Release|Win32
		{B86E7193-8322-4AB7-8CCE-A0A020613A93}.Release|Win32.Build.0 = Release|Win32
		{C7460980-EDC6-4D2E-B413-DFA1EC5D1A24}.Debug|Win32.ActiveCfg = Debug|Win32
		{C7460980-EDC6-4D2E-B413-DFA1EC5D1A24}.Debug|Win32.Build.0 = Debug|Win32
		{C7460980-EDC6-4D2E-B413-DFA1EC5D1A24}.Release|Win32.ActiveCfg = Release|Win32
		{C7460980-EDC6-4D2E-B413-DFA1EC5D1A24}.Release|Win32.Build.0 = Release|Win32
		{2E7C1C85-4BA5-4B8A-AA0F-64CB805FD062}.Debug|Win32.ActiveCfg = Debug|Win32
		{2E7C1C85-4BA5-4B8A-AA0F-64CB805FD062}.Debug|Win32.Build.0 = Debug|Win32
		{2E7C1C85-4BA5-4B8A-AA0F-64CB805FD062}.Release|Win32.ActiveCfg = Release|Win32
		{2E7C1C85-4BA5-4B8A-AA0F-64CB805FD062}.Release|Win32.Build.0 = Release|Win32
		{BF280DAB-F7F8-40A8-9D93-4EA2A09C1129}.Debug|Win32.ActiveCfg = Debug|Win32
		{BF280DAB-F7F8-40A8-9D93-4EA2A09C1129}.Debug|Win32.Build.0 = Debug|Win32
		{BF280DAB-F7F8-40A8-9D93-4EA2A09C1129}.Release|Win32.ActiveCfg = Release|Win32
		{BF280DAB-F7F8-40A8-9D93-4EA2A09C1129}.Release|Win32.Build.0 = Release|Win32
		{1C6252D1-6B86-4959-8C33-36AA562243AE}.Debug|Win32.ActiveCfg = Debug|Win32
		{1C6252D1-6B86-4959-8C33-36AA562243AE}.Debug|Win32.Build.0 = Debug|Win32
		{1C6252D1-6B86-4959-8C33-36AA562243AE}.Release|Win32.ActiveCfg = Release|Win32
		{1C6252D1-6B86-4959-8C33-36AA562243AE}.Release|Win32.Build.0 = Release|Win32
		{2E761FE7-68D2-42D9-B610-FDFA9F7AEBB1}.Debug|Win32.ActiveCfg = Debug|Win32
		{2E761FE7-68D2-42D9-B610-FDFA9F7AEBB1}.Debug|Win32.Build.0 = Debug|Win32
		{2E761FE7-68D2-42D9-B610-FDFA9F7AEBB1}.Release|Win32.ActiveCfg = Release|Win32
		{2E761FE7-68D2-42D9-B610-FDFA9F7AEBB1}.Release|Win32.Build.0 = Release|Win32
		{40203019-7459-4B44-BB7D-1DE41C897765}.Debug|Win32.ActiveCfg = Debug|Win32
		{40203019-7459-4B44-BB7D-1DE41C897765}.Debug|Win32.Build.0 = Debug|Win32
		{40203019-7459-4B44-BB7D-1DE41C897765}.Release|Win32.ActiveCfg = Release|Win32
		{40203019-7459-4B44-BB7D-1DE41C897765}.Release|Win32.Build.0 = Release|Win32
		{2B6440C5-808D-4CFE-9BD7-BCD93AED0F10}.Debug|Win32.ActiveCfg = Debug|Win32
		{2B6440C5-808D-4CFE-9BD7-BCD93AED0F10}.Debug|Win32.Build.0 = Debug|Win32
		{2B6440C5-808D-4CFE-9BD7-BCD93AED0F10}.Release|Win32.ActiveCfg = Release|Win32
		{2B6440C5-808D-4CFE-9BD7-BCD93AED0F10}.Release|Win32.Build.0 = Release|Win32
		{F6303EE2-4A72-480A-8440-C609C60EFED8}.Debug|Win32.ActiveCfg = Debug|Win32
		{F6303EE2-4A72-480A-8440-C609C60EFED8}.Debug|Win32.Build.0 = Debug|Win32
		{F6303EE2-4A72-480A-8440-C609C60EFED8}.Release|Win32.ActiveCfg = Release|Win32
		{F6303EE2-4A72-480A-8440-C609C60EFED8}.Release|Win32.Build.0 = Release|Win32
		{D247271E-7411-4657-AF5D-290CEC2CE908}.Debug|Win32.ActiveCfg = Debug|Win32
		{D247271E-7411-4657-AF5D-290CEC2CE908}.Debug|Win32.Build.0 = Debug|Win32
		{D247271E-7411-4657-AF5D-290CEC2CE908}.Release|Win32.ActiveCfg = Release|Win32
		{D247271E-7411-4657-AF5D-290CEC2CE908}.Release|Win32.Build.0 = Release|Win32
		{DC0078E1-2010-4DF9-99DD-32521977383F}.Debug|Win32.ActiveCfg = Debug|Win32
		{DC0078E1-2010-4DF9-99DD-32521977383F}.Debug|Win32.Build.0 = Debug|Win32
		{DC0078E1-2010-4DF9-99DD-32521977383F}.Release|Win32.ActiveCfg = Release|Win32
		{DC0078E1-2010-4DF9-99DD-32521977383F}.Release|Win32.Build.0 = Release|Win32
		{8B50E92A-EB18-46B8-AC7A-650354F81456}.Debug|Win32.ActiveCfg = Debug|Win32
		{8B50E92A-EB18-46B8-AC7A-650354F81456}.Debug|Win32.Build.0 = Debug|Win32
		{8B50E92A-EB18-46B8-AC7A-650354F81456}.Release|Win32.ActiveCfg = Release|Win32
		{8B50E92A-EB18-46B8-AC7A-650354F81456}.Release|Win32.Build.0 = Release|Win32
		{8B052EDA-F60D-4213-A55F-C94FB5B52D44}.Debug|Win32.ActiveCfg = Debug|Win32
		{8B052EDA-F60D-4213-A55F-C94FB5B52D44}.Debug|Win32.Build.0 = Debug|Win32
		{8B052EDA-F60D-4213-A55F-C94FB5B52D44}.Release|Win32.ActiveCfg = Release|Win32
		{8B052EDA-F60D-4213-A55F-C94FB5B52D44}.Release|Win32.Build.0 = Release|Win32
		{D0A512DC-53EE-4786-A576-77F7F9EF704C}.Debug|Win32.ActiveCfg = Debug|Win32
		{D0A512DC-53EE-4786-A576-77F7F9EF704C}.Debug|Win32.Build.0 = Debug|Win32
		{D0A512DC-53EE-4786-A576-77F7F9EF704C}.Release|Win32.ActiveCfg = Release|Win32
		{D0A512DC-53EE-4786-A576-77F7F9EF704C}.Release|Win32.Build.0 = Release|Win32
		{F2C2A7DE-4604-4953-A911-9BACC23C4973}.Debug|Win32.ActiveCfg = Debug|Win32
		{F2C2A7DE-4604-4953-A911-9BACC23C4973}.Debug|Win32.Build.0 = Debug|Win32
		{F2C2A7DE-4604-4953-A911-9BACC23C4973}.Release|Win32.ActiveCfg = Release|Win32
		{F2C2A7DE-4604-4953-A911-9BACC23C4973}.Release|Win32.Build.0 = Release|Win32
		{7D3217DB-9551-441C-AB7B-60351B8F773A}.Debug|Win32.ActiveCfg = Debug|Win32
		{7D3217DB-9551-441C-AB7B-60351B8F773A}.Debug|Win32.Build.0 = Debug|Win32
		{7D3217DB-9551-441C-AB7B-60351B8F773A}.Release|Win32.ActiveCfg = Release|Win32
		{7D3217DB-9551-441C-AB7B-60351B8F773A}.Release|Win32.Build.0 = Release|Win32
		{B740BFEE-30C9-41D0-93D4-11AE796AE5FB}.Debug|Win32.ActiveCfg = Debug|Win32
		{B740BFEE-30C9-41D0-93D4-11AE796AE5FB}.Debug|Win32.Build.0 = Debug|Win32
		{B740BFEE-30C9-41D0-93D4-11AE796AE5FB}.Release|Win32.ActiveCfg = Release|Win32
		{B740BFEE-30C9-41D0-93D4-11AE796AE5FB}.Release|Win32.Build.0 = Release|Win32
		{A89F2DA8-1C01-436B-8E5D-99045DE57E44}.Debug|Win32.ActiveCfg = Debug|Win32
		{A89F2DA8-1C01-436B-8E5D-99045DE57E44}.Debug|Win32.Build.0 = Debug|Win32
		{A89F2DA8-1C01-436B-8E5D-99045DE57E44}.Release|Win32.ActiveCfg = Release|Win32
		{A89F2DA8-1C01-436B-8E5D-99045DE57E44}.Release|Win32.Build.0 = Release|Win32
		{BAF0A65C-BEDA-4102-A5E1-67B528BC81B6}.Debug|Win32.ActiveCfg = Debug|Win32
		{BAF0A65C-BEDA-4102-A5E1-67B528BC81B6}.Debug|Win32.Build.0 = Debug|Win32
		{BAF0A65C-BEDA-4102-A5E1-67B528BC81B6}.Release|Win32.ActiveCfg = Release|Win32
		{BAF0A65C-BEDA-4102-A5E1-67B528BC81B6}.Release|Win32.Build.0 = Release|Win32
		{E662226E-F3CD-4D87-8B84-DF5BA2923C7A}.Debug|Win32.ActiveCfg = Debug|Win32
		{E662226E-F3CD-4D87-8B84-DF5BA2923C7A}.Debug|Win32.Build.0 = Debug|Win32
		{E662226E-F3CD-4D87-8B84-DF5BA2923C7A}.Release|Win32.ActiveCfg = Release|Win32
		{E662226E-F3CD-4D87-8B84-DF5BA2923C7A}.Release|Win32.Build.0 = Release|Win32
		{CB19FC9F-0E0C-4277-8433-10A166DD4C03}.Debug|Win32.ActiveCfg = Debug|Win32
		{CB19FC9F-0E0C-4277-8433-10A166DD4C03}.Debug|Win32.Build.0 = Debug|Win32
		{CB19FC9F-0E0C-4277-8433-10A166DD4C03}.Release|Win32.ActiveCfg = Release|Win32
		{CB19FC9F-0E0C-4277-8433-10A166DD4C03}.Release|Win32.Build.0 = Release|Win32
		{CA1F7A4A-FC78-4ADE-9F21-03C7866E1011}.Debug|Win32.ActiveCfg = Debug|Win32
		{CA1F7A4A-FC78-4ADE-9F21-03C7866E1011}.Debug|Win32.Build.0 = Debug|Win32
		{CA1F7A4A-FC78-4ADE-9F21-03C7866E1011}.Release|Win32.ActiveCfg = Release|Win32
		{CA1F7A4A-FC78-4ADE-9F21-03C7866E1011}.Release|Win32.Build.0 = Release|Win32
		{A51EAEA2-EE34-4AF5-B05E-55B0511F4EE1}.Debug|Win32.ActiveCfg = Debug|Win32
		{A51EAEA2-EE34-4AF5-B05E-55B0511F4EE1}.Debug|Win32.Build.0 = Debug|Win32
		{A51EAEA2-EE34-4AF5-B05E-55B0511F4EE1}.Release|Win32.ActiveCfg = Release|Win32
		{A51EAEA2-EE34-4AF5-B05E-55B0511F4EE1}.Release|Win32.Build.0 = Release|Win32
		{A5169743-C168-406C-ACE6-457903496979}.Debug|Win32.ActiveCfg = Debug|Win32
		{A5169743-C168-406C-ACE6-457903496979}.Debug|Win32.Build.0 = Debug|Win32
		{A5169743-C168-406C-ACE6-457903496979}.Release|Win32.ActiveCfg = Release|Win32
		{A5169743-C168-406C-ACE6-457903496979}.Release|Win32.Build.0 = Release|Win32
		{4BE0822A-7A2B-4912-9014-F8CA30CE174F}.Debug|Win32.ActiveCfg = Debug|Win32
		{4BE0822A-7A2B-4912-9014-F8CA30CE174F}.Debug|Win32.Build.0 = Debug|Win32
		{4BE0822A-7A2B-4912-9014-F8CA30CE174F}.Release|Win32.ActiveCfg = Release|Win32
		{4BE0822A-7A2B-4912-9014-F8CA30CE174F}.Release|Win32.Build.0 = Release|Win32
		{76BF995A-407A-4300-AF11-49B49022CB54}.Debug|Win32.ActiveCfg = Debug|Win32
		{76BF995A-407A-4300-AF11-49B49022CB54}.Debug|Win32.Build.0 = Debug|Win32
		{76BF995A-407A-4300-AF11-49B49022CB54}.Release|Win32.ActiveCfg = Release|Win32
		{76BF995A-407A-4300-AF11-49B49022CB54}.Release|Win32.Build.0 = Release|Win32
		{D2F9000F-BF40-4C32-ACD5-8192F1689C5A}.Debug|Win32.ActiveCfg = Debug|Win32
		{D2F9000F-BF40-4C32-ACD5-8192F1689C5A}.Debug|Win32.Build.0 = Debug|Win32
		{D2F9000F-BF40-4C32-ACD5-8192F1689C5A}.Release|Win32.ActiveCfg = Release|Win32
		{D2F9000F-BF40-4C32-ACD5-8192F1689C5A}.Release|Win32.Build.0 = Release|Win32
	EndGlobalSection
	GlobalSection(SolutionProperties) = preSolution
		HideSolutionNode = FALSE
	EndGlobalSection
	GlobalSection(NestedProjects) = preSolution
		{E931C592-9592-482B-84D7-2C14D1BBD29B} = {9C4CECDE-8F37-4D92-AB24-C105B8F48950}
		{5390BFED-7A79-4CA8-BF3B-54C815727E13} = {9C4CECDE-8F37-4D92-AB24-C105B8F48950}
		{C020327C-C1DE-4E3D-A6E0-19B64B9F8807} = {9C4CECDE-8F37-4D92-AB24-C105B8F48950}
		{4FD58223-C88B-45DE-8269-F00ED494EEFB} = {9C4CECDE-8F37-4D92-AB24-C105B8F48950}
		{E24F1923-9DD1-456A-8917-13E1EBAED941} = {9C4CECDE-8F37-4D92-AB24-C105B8F48950}
		{DB7B5ABF-C8F7-42A0-8849-5535B300F128} = {73BA48EC-2E7B-4C8C-A161-C55983642D9C}
		{EA4A34C3-040C-4715-AD99-C1E5FE67E123} = {73BA48EC-2E7B-4C8C-A161-C55983642D9C}
		{890DEB1B-2CD6-4662-AB93-D0639859ECB8} = {73BA48EC-2E7B-4C8C-A161-C55983642D9C}
		{0DA542EE-6D5E-4CA9-9F4C-49CE43B76DE1} = {541C8BB8-742C-48DE-8362-FE3A038DCD83}
		{64313ECB-A30C-4451-9826-0CC84AF6B278} = {541C8BB8-742C-48DE-8362-FE3A038DCD83}
		{18975549-5C1B-442D-9992-6F0D50EDC785} = {541C8BB8-742C-48DE-8362-FE3A038DCD83}
		{2A06038A-82D8-4EF0-AFD5-C362C345E7A7} = {541C8BB8-742C-48DE-8362-FE3A038DCD83}
		{C73A463E-3CBA-4804-93A9-3F0DA4032AF4} = {541C8BB8-742C-48DE-8362-FE3A038DCD83}
		{F161D1D7-D317-4388-B84D-BC26C0D18DEC} = {541C8BB8-742C-48DE-8362-FE3A038DCD83}
		{44AB8541-9F5E-4299-ABCD-AE13D7DAA06D} = {541C8BB8-742C-48DE-8362-FE3A038DCD83}
		{29D3967D-7CB6-4512-AE91-0B350E02E4B5} = {541C8BB8-742C-48DE-8362-FE3A038DCD83}
		{2B00A871-1304-41C5-9FD0-3B69E365564B} = {541C8BB8-742C-48DE-8362-FE3A038DCD83}
		{AFA27917-B233-472B-9CF4-0C99A8E11835} = {541C8BB8-742C-48DE-8362-FE3A038DCD83}
		{858E2CEC-88E6-4C82-8FD4-8B432275821B} = {A141C015-790C-4E19-BFED-ABA02C9C80F5}
		{05EA38BA-BEEA-4143-A5AE-B0A40F8B6713} = {A141C015-790C-4E19-BFED-ABA02C9C80F5}
		{48910CBE-6084-41C9-976D-3D5A969FAF5E} = {D0370341-A805-4089-9473-1A633F3F4759}
		{CCCCF763-D9B1-4275-9860-85B34FD74572} = {D0370341-A805-4089-9473-1A633F3F4759}
		{B86E7193-8322-4AB7-8CCE-A0A020613A93} = {D0370341-A805-4089-9473-1A633F3F4759}
		{C7460980-EDC6-4D2E-B413-DFA1EC5D1A24} = {D0370341-A805-4089-9473-1A633F3F4759}
		{2E7C1C85-4BA5-4B8A-AA0F-64CB805FD062} = {D0370341-A805-4089-9473-1A633F3F4759}
		{BF280DAB-F7F8-40A8-9D93-4EA2A09C1129} = {919FB184-75F2-4480-A564-60DB1099C7B0}
		{1C6252D1-6B86-4959-8C33-36AA562243AE} = {919FB184-75F2-4480-A564-60DB1099C7B0}
		{2E761FE7-68D2-42D9-B610-FDFA9F7AEBB1} = {F126C9EC-9316-49FB-9F24-4DAE191F5E8D}
		{40203019-7459-4B44-BB7D-1DE41C897765} = {F126C9EC-9316-49FB-9F24-4DAE191F5E8D}
		{2B6440C5-808D-4CFE-9BD7-BCD93AED0F10} = {F126C9EC-9316-49FB-9F24-4DAE191F5E8D}
		{F6303EE2-4A72-480A-8440-C609C60EFED8} = {F126C9EC-9316-49FB-9F24-4DAE191F5E8D}
		{D247271E-7411-4657-AF5D-290CEC2CE908} = {3877F276-9A37-4635-9A6F-09E01D1E3AAD}
		{DC0078E1-2010-4DF9-99DD-32521977383F} = {3877F276-9A37-4635-9A6F-09E01D1E3AAD}
		{8B50E92A-EB18-46B8-AC7A-650354F81456} = {3877F276-9A37-4635-9A6F-09E01D1E3AAD}
		{8B052EDA-F60D-4213-A55F-C94FB5B52D44} = {3877F276-9A37-4635-9A6F-09E01D1E3AAD}
		{D0A512DC-53EE-4786-A576-77F7F9EF704C} = {13727699-8BF7-4CBF-A1B8-38C53FA57DED}
		{F2C2A7DE-4604-4953-A911-9BACC23C4973} = {13727699-8BF7-4CBF-A1B8-38C53FA57DED}
		{7D3217DB-9551-441C-AB7B-60351B8F773A} = {13727699-8BF7-4CBF-A1B8-38C53FA57DED}
		{B740BFEE-30C9-41D0-93D4-11AE796AE5FB} = {5A69B8EB-4F8A-4BD3-AAB7-DBB2B554B5C8}
		{A89F2DA8-1C01-436B-8E5D-99045DE57E44} = {5A69B8EB-4F8A-4BD3-AAB7-DBB2B554B5C8}
		{BAF0A65C-BEDA-4102-A5E1-67B528BC81B6} = {5A69B8EB-4F8A-4BD3-AAB7-DBB2B554B5C8}
		{E662226E-F3CD-4D87-8B84-DF5BA2923C7A} = {5A69B8EB-4F8A-4BD3-AAB7-DBB2B554B5C8}
		{CB19FC9F-0E0C-4277-8433-10A166DD4C03} = {E5082A64-325B-4758-A708-8A96AC676187}
		{CA1F7A4A-FC78-4ADE-9F21-03C7866E1011} = {E5082A64-325B-4758-A708-8A96AC676187}
		{A51EAEA2-EE34-4AF5-B05E-55B0511F4EE1} = {E5082A64-325B-4758-A708-8A96AC676187}
		{A5169743-C168-406C-ACE6-457903496979} = {E5082A64-325B-4758-A708-8A96AC676187}
		{4BE0822A-7A2B-4912-9014-F8CA30CE174F} = {E5082A64-325B-4758-A708-8A96AC676187}
		{76BF995A-407A-4300-AF11-49B49022CB54} = {E5082A64-325B-4758-A708-8A96AC676187}
		{D2F9000F-BF40-4C32-ACD5-8192F1689C5A} = {E5082A64-325B-4758-A708-8A96AC676187}
	EndGlobalSection
EndGlobal
