
Microsoft Visual Studio Solution File, Format Version 10.00
# Visual Studio 2008
Project("{8BC9CEB8-8B4A-11D0-8D11-00A0C91BC942}") = "hacks", "hacks.vcproj", "{72084D40-06C4-40BA-BD3C-2EC7DCDB4BF8}"
EndProject
Project("{8BC9CEB8-8B4A-11D0-8D11-00A0C91BC942}") = "misc", "..\..\..\lib\misc\vcbuild\misc.vcproj", "{5F74E21E-D63E-4812-A3CB-7038789D0202}"
EndProject
Global
	GlobalSection(SolutionConfigurationPlatforms) = preSolution
		Debug|Win32 = Debug|Win32
		Release|Win32 = Release|Win32
	EndGlobalSection
	GlobalSection(ProjectConfigurationPlatforms) = postSolution
		{72084D40-06C4-40BA-BD3C-2EC7DCDB4BF8}.Debug|Win32.ActiveCfg = Debug|Win32
		{72084D40-06C4-40BA-BD3C-2EC7DCDB4BF8}.Debug|Win32.Build.0 = Debug|Win32
		{72084D40-06C4-40BA-BD3C-2EC7DCDB4BF8}.Release|Win32.ActiveCfg = Release|Win32
		{72084D40-06C4-40BA-BD3C-2EC7DCDB4BF8}.Release|Win32.Build.0 = Release|Win32
		{5F74E21E-D63E-4812-A3CB-7038789D0202}.Debug|Win32.ActiveCfg = Debug|Win32
		{5F74E21E-D63E-4812-A3CB-7038789D0202}.Debug|Win32.Build.0 = Debug|Win32
		{5F74E21E-D63E-4812-A3CB-7038789D0202}.Release|Win32.ActiveCfg = Release|Win32
		{5F74E21E-D63E-4812-A3CB-7038789D0202}.Release|Win32.Build.0 = Release|Win32
	EndGlobalSection
	GlobalSection(SolutionProperties) = preSolution
		HideSolutionNode = FALSE
	EndGlobalSection
EndGlobal
