
Microsoft Visual Studio Solution File, Format Version 12.00
# Visual Studio Version 16
VisualStudioVersion = 16.0.33214.272
MinimumVisualStudioVersion = 10.0.40219.1
Project("{FAE04EC0-301F-11D3-BF4B-00C04F79EFBC}") = "TypeConverter", "TypeConverter.csproj", "{1E8F5E60-6541-4910-977B-78D0909BD774}"
EndProject
Global
	GlobalSection(SolutionConfigurationPlatforms) = preSolution
		Debug|Any CPU = Debug|Any CPU
		Release|Any CPU = Release|Any CPU
	EndGlobalSection
	GlobalSection(ProjectConfigurationPlatforms) = postSolution
		{1E8F5E60-6541-4910-977B-78D0909BD774}.Debug|Any CPU.ActiveCfg = Debug|Any CPU
		{1E8F5E60-6541-4910-977B-78D0909BD774}.Debug|Any CPU.Build.0 = Debug|Any CPU
		{1E8F5E60-6541-4910-977B-78D0909BD774}.Release|Any CPU.ActiveCfg = Release|Any CPU
		{1E8F5E60-6541-4910-977B-78D0909BD774}.Release|Any CPU.Build.0 = Release|Any CPU
	EndGlobalSection
	GlobalSection(SolutionProperties) = preSolution
		HideSolutionNode = FALSE
	EndGlobalSection
	GlobalSection(ExtensibilityGlobals) = postSolution
		SolutionGuid = {B23B9B4B-7264-4C04-B871-284798271FD8}
	EndGlobalSection
EndGlobal
